
Microsoft Visual Studio Solution File, Format Version 12.00
# Visual Studio Version 17
VisualStudioVersion = 17.13.35913.81 d17.13
MinimumVisualStudioVersion = 10.0.40219.1
Project("{FAE04EC0-301F-11D3-BF4B-00C04F79EFBC}") = "Digital Receipt and Expense Tracker System", "Digital Receipt and Expense Tracker System\Digital Receipt and Expense Tracker System.csproj", "{FC46260F-AF1D-4DD4-8576-197180810F46}"
EndProject
Global
	GlobalSection(SolutionConfigurationPlatforms) = preSolution
		Debug|Any CPU = Debug|Any CPU
		Release|Any CPU = Release|Any CPU
	EndGlobalSection
	GlobalSection(ProjectConfigurationPlatforms) = postSolution
		{FC46260F-AF1D-4DD4-8576-197180810F46}.Debug|Any CPU.ActiveCfg = Debug|Any CPU
		{FC46260F-AF1D-4DD4-8576-197180810F46}.Debug|Any CPU.Build.0 = Debug|Any CPU
		{FC46260F-AF1D-4DD4-8576-197180810F46}.Release|Any CPU.ActiveCfg = Release|Any CPU
		{FC46260F-AF1D-4DD4-8576-197180810F46}.Release|Any CPU.Build.0 = Release|Any CPU
	EndGlobalSection
	GlobalSection(SolutionProperties) = preSolution
		HideSolutionNode = FALSE
	EndGlobalSection
	GlobalSection(ExtensibilityGlobals) = postSolution
		SolutionGuid = {68B4BF8D-6EC7-46E3-9C3C-4FDD4FF361C8}
	EndGlobalSection
EndGlobal
